<?xml version="1.0" encoding="utf-8"?>
<Project ToolsVersion="4.0" xmlns="http://schemas.microsoft.com/developer/msbuild/2003">
  <ItemGroup>
    <Filter Include="소스 파일">
      <UniqueIdentifier>{4FC737F1-C7A5-4376-A066-2A32D752A2FF}</UniqueIdentifier>
      <Extensions>cpp;c;cc;cxx;def;odl;idl;hpj;bat;asm;asmx</Extensions>
    </Filter>
    <Filter Include="헤더 파일">
      <UniqueIdentifier>{93995380-89BD-4b04-88EB-625FBE52EBFB}</UniqueIdentifier>
      <Extensions>h;hh;hpp;hxx;hm;inl;inc;xsd</Extensions>
    </Filter>
    <Filter Include="리소스 파일">
      <UniqueIdentifier>{67DA6AB6-F800-4c08-8B7A-83BB121AAD01}</UniqueIdentifier>
      <Extensions>rc;ico;cur;bmp;dlg;rc2;rct;bin;rgs;gif;jpg;jpeg;jpe;resx;tiff;tif;png;wav;mfcribbon-ms</Extensions>
    </Filter>
    <Filter Include="Network">
      <UniqueIdentifier>{58bbebf0-520a-4b4d-a133-86b48502b754}</UniqueIdentifier>
    </Filter>
    <Filter Include="Utility">
      <UniqueIdentifier>{2a736786-9592-4c81-9098-2f3ae371541a}</UniqueIdentifier>
    </Filter>
    <Filter Include="IOCP">
      <UniqueIdentifier>{fe448cd5-7103-4ae6-b715-a9bcda50e97d}</UniqueIdentifier>
    </Filter>
    <Filter Include="AsyncSocket">
      <UniqueIdentifier>{37c50c10-4be8-4291-8a98-4779157db5ae}</UniqueIdentifier>
    </Filter>
  </ItemGroup>
  <ItemGroup>
    <ClCompile Include="main.cpp">
      <Filter>소스 파일</Filter>
    </ClCompile>
    <ClCompile Include="Server.cpp">
      <Filter>AsyncSocket</Filter>
    </ClCompile>
    <ClCompile Include="Network.cpp">
      <Filter>Network</Filter>
    </ClCompile>
  </ItemGroup>
  <ItemGroup>
    <ClInclude Include="Network.h">
      <Filter>Network</Filter>
    </ClInclude>
    <ClInclude Include="Socket.h">
      <Filter>Network</Filter>
    </ClInclude>
    <ClInclude Include="Utility.h">
      <Filter>Utility</Filter>
    </ClInclude>
    <ClInclude Include="listener.h">
      <Filter>Network</Filter>
    </ClInclude>
    <ClInclude Include="NetworkDefault.h">
      <Filter>Network</Filter>
    </ClInclude>
    <ClInclude Include="IOCP.h">
      <Filter>IOCP</Filter>
    </ClInclude>
    <ClInclude Include="AsyncSocket.h">
      <Filter>AsyncSocket</Filter>
    </ClInclude>
    <ClInclude Include="Server.h">
      <Filter>AsyncSocket</Filter>
    </ClInclude>
  </ItemGroup>
</Project>